Microsoft Visual Studio Solution File, Format Version 12.00
# Visual Studio Version 17
VisualStudioVersion = 17.5.2.0
MinimumVisualStudioVersion = 10.0.40219.1
Project("{FAE04EC0-301F-11D3-BF4B-00C04F79EFBC}") = "ILP_solver_tutorial", "ILP_solver_tutorial.csproj", "{AF88E731-D850-445B-6633-B61B87EA0A19}"
EndProject
Global
	GlobalSection(SolutionConfigurationPlatforms) = preSolution
		Debug|Any CPU = Debug|Any CPU
		Release|Any CPU = Release|Any CPU
	EndGlobalSection
	GlobalSection(ProjectConfigurationPlatforms) = postSolution
		{AF88E731-D850-445B-6633-B61B87EA0A19}.Debug|Any CPU.ActiveCfg = Debug|Any CPU
		{AF88E731-D850-445B-6633-B61B87EA0A19}.Debug|Any CPU.Build.0 = Debug|Any CPU
		{AF88E731-D850-445B-6633-B61B87EA0A19}.Release|Any CPU.ActiveCfg = Release|Any CPU
		{AF88E731-D850-445B-6633-B61B87EA0A19}.Release|Any CPU.Build.0 = Release|Any CPU
	EndGlobalSection
	GlobalSection(SolutionProperties) = preSolution
		HideSolutionNode = FALSE
	EndGlobalSection
	GlobalSection(ExtensibilityGlobals) = postSolution
		SolutionGuid = {0CA36412-0D86-4C23-B191-0E9416B94EB5}
	EndGlobalSection
EndGlobal
